{
  "name": "ilias",
  "version": "7.0.0",
  "lockfileVersion": 1,
  "requires": true,
  "dependencies": {
    "@andxor/jquery-ui-touch-punch-fix": {
      "version": "1.0.2",
      "resolved": "https://registry.npmjs.org/@andxor/jquery-ui-touch-punch-fix/-/jquery-ui-touch-punch-fix-1.0.2.tgz",
      "integrity": "sha512-hdphePfQOxknA9BympZUtbIsXyogz7TgmKykIJrwjS67F4sIhaQJBhlijjkB4xfgFbHPjcJSr9jer09hDuPnaw==",
      "requires": {
        "jquery-ui": "^1.12.1"
      }
    },
    "@geedmo/yamm3": {
      "version": "1.3.1",
      "resolved": "https://registry.npmjs.org/@geedmo/yamm3/-/yamm3-1.3.1.tgz",
      "integrity": "sha512-WI2zymmEXud2q0a/7cdRWCr58gvZUcAHpbrSHA1rz1fU6n0mcAkmuKoTrRMF35mrWFxB/mliw4HEMRhoaIXmMA=="
    },
    "abort-controller": {
      "version": "3.0.0",
      "resolved": "https://registry.npmjs.org/abort-controller/-/abort-controller-3.0.0.tgz",
      "integrity": "sha512-h8lQ8tacZYnR3vNQTgibj+tODHI5/+l06Au2Pcriv/Gmet0eaj4TwWH41sO9wnHDiQsEj19q0drzdWdeAHtweg==",
      "requires": {
        "event-target-shim": "^5.0.0"
      }
    },
    "abstract-leveldown": {
      "version": "6.2.3",
      "resolved": "https://registry.npmjs.org/abstract-leveldown/-/abstract-leveldown-6.2.3.tgz",
      "integrity": "sha512-BsLm5vFMRUrrLeCcRc+G0t2qOaTzpoJQLOubq2XM72eNpjF5UdU5o/5NvlNhx95XHcAvcl8OMXr4mlg/fRgUXQ==",
      "requires": {
        "buffer": "^5.5.0",
        "immediate": "^3.2.3",
        "level-concat-iterator": "~2.0.0",
        "level-supports": "~1.0.0",
        "xtend": "~4.0.0"
      },
      "dependencies": {
        "immediate": {
          "version": "3.2.3",
          "resolved": "https://registry.npmjs.org/immediate/-/immediate-3.2.3.tgz",
          "integrity": "sha1-0UD6j2FGWb1lQSMwl92qwlzdmRw="
        },
        "xtend": {
          "version": "4.0.2",
          "resolved": "https://registry.npmjs.org/xtend/-/xtend-4.0.2.tgz",
          "integrity": "sha512-LKYU1iAXJXUgAXn9URjiu+MWhyUXHsvfp7mcuYm9dSUKK0/CjtrUwFAxD82/mCWbtLsGjFIad0wIsod4zrTAEQ=="
        }
      }
    },
    "argsarray": {
      "version": "0.0.1",
      "resolved": "https://registry.npmjs.org/argsarray/-/argsarray-0.0.1.tgz",
      "integrity": "sha1-bnIHtOzbObCviDA/pa4ivajfYcs="
    },
    "base64-js": {
      "version": "1.3.1",
      "resolved": "https://registry.npmjs.org/base64-js/-/base64-js-1.3.1.tgz",
      "integrity": "sha512-mLQ4i2QO1ytvGWFWmcngKO//JXAQueZvwEKtjgQFM4jIK0kU+ytMfplL8j+n5mspOfjHwoAg+9yhb7BwAHm36g=="
    },
    "bootstrap": {
      "version": "3.3.7",
      "resolved": "https://registry.npmjs.org/bootstrap/-/bootstrap-3.3.7.tgz",
      "integrity": "sha1-WjiTlFSfIzMIdaOxUGVldPip63E="
    },
    "bootstrap-tagsinput": {
      "version": "0.7.1",
      "resolved": "https://registry.npmjs.org/bootstrap-tagsinput/-/bootstrap-tagsinput-0.7.1.tgz",
      "integrity": "sha1-/+Owa74qEGlF7ygUVoAFqU8hGTc="
    },
    "buffer": {
      "version": "5.6.0",
      "resolved": "https://registry.npmjs.org/buffer/-/buffer-5.6.0.tgz",
      "integrity": "sha512-/gDYp/UtU0eA1ys8bOs9J6a+E/KWIY+DZ+Q2WESNUA0jFRsJOc0SNUO6xJ5SGA1xueg3NL65W6s+NY5l9cunuw==",
      "requires": {
        "base64-js": "^1.0.2",
        "ieee754": "^1.1.4"
      }
    },
    "buffer-from": {
      "version": "1.1.0",
      "resolved": "https://registry.npmjs.org/buffer-from/-/buffer-from-1.1.0.tgz",
      "integrity": "sha512-c5mRlguI/Pe2dSZmpER62rSCu0ryKmWddzRYsuXc50U2/g8jMOulc31VZMa4mYx31U5xsmSOpDCgH88Vl9cDGQ=="
    },
    "clone-buffer": {
      "version": "1.0.0",
      "resolved": "https://registry.npmjs.org/clone-buffer/-/clone-buffer-1.0.0.tgz",
      "integrity": "sha1-4+JbIHrE5wGvch4staFnksrD3Fg="
    },
    "core-util-is": {
      "version": "1.0.2",
      "resolved": "https://registry.npmjs.org/core-util-is/-/core-util-is-1.0.2.tgz",
      "integrity": "sha1-tf1UIgqivFq1eqtxQMlAdUUDwac="
    },
    "deferred-leveldown": {
      "version": "5.3.0",
      "resolved": "https://registry.npmjs.org/deferred-leveldown/-/deferred-leveldown-5.3.0.tgz",
      "integrity": "sha512-a59VOT+oDy7vtAbLRCZwWgxu2BaCfd5Hk7wxJd48ei7I+nsg8Orlb9CLG0PMZienk9BSUKgeAqkO2+Lw+1+Ukw==",
      "requires": {
        "abstract-leveldown": "~6.2.1",
        "inherits": "^2.0.3"
      }
    },
    "dom": {
      "version": "0.0.2",
      "resolved": "https://registry.npmjs.org/dom/-/dom-0.0.2.tgz",
      "integrity": "sha1-4V+3WV4ym9Enj8yFjQ97jPOOS1E="
    },
    "dom-walk": {
      "version": "0.1.2",
      "resolved": "https://registry.npmjs.org/dom-walk/-/dom-walk-0.1.2.tgz",
      "integrity": "sha512-6QvTW9mrGeIegrFXdtQi9pk7O/nSK6lSdXW2eqUspN5LWD7UTji2Fqw5V2YLjBpHEoU9Xl/eUWNpDeZvoyOv2w=="
    },
    "double-ended-queue": {
      "version": "2.1.0-0",
      "resolved": "https://registry.npmjs.org/double-ended-queue/-/double-ended-queue-2.1.0-0.tgz",
      "integrity": "sha1-ED01J/0xUo9AGIEwyEHv3XgmTlw="
    },
    "dropzone": {
      "version": "5.5.0",
      "resolved": "https://registry.npmjs.org/dropzone/-/dropzone-5.5.0.tgz",
      "integrity": "sha512-cXxDD4of0L27mr2hez39dswTgjaItyuW7UuSqbITca/TFabbYbqHx3VhmDWCsEs9W99b4SdFnK5x4DhYjR+ixg=="
    },
    "elm-pep": {
      "version": "1.0.6",
      "resolved": "https://registry.npmjs.org/elm-pep/-/elm-pep-1.0.6.tgz",
      "integrity": "sha512-1DJ6ReFk8+GtgoqRiEhBo28K69Rxe9Bfc7h16+1VMQT2KlCuPBYj5W33OYa2AZpqkuqCBLhcNzO10zxJVakapA=="
    },
    "encoding-down": {
      "version": "6.3.0",
      "resolved": "https://registry.npmjs.org/encoding-down/-/encoding-down-6.3.0.tgz",
      "integrity": "sha512-QKrV0iKR6MZVJV08QY0wp1e7vF6QbhnbQhb07bwpEyuz4uZiZgPlEGdkCROuFkUwdxlFaiPIhjyarH1ee/3vhw==",
      "requires": {
        "abstract-leveldown": "^6.2.1",
        "inherits": "^2.0.3",
        "level-codec": "^9.0.0",
        "level-errors": "^2.0.0"
      }
    },
    "end-stream": {
      "version": "0.1.0",
      "resolved": "https://registry.npmjs.org/end-stream/-/end-stream-0.1.0.tgz",
      "integrity": "sha1-MgA/P0OKKwFDFoE3+PpumGbIHtU=",
      "requires": {
        "write-stream": "~0.4.3"
      }
    },
    "eonasdan-bootstrap-datetimepicker": {
      "version": "4.17.47",
      "resolved": "https://registry.npmjs.org/eonasdan-bootstrap-datetimepicker/-/eonasdan-bootstrap-datetimepicker-4.17.47.tgz",
      "integrity": "sha1-ekmXAEQGUnbnll79Fvgic1IZ5zU=",
      "requires": {
        "bootstrap": "^3.3",
        "jquery": "^1.8.3 || ^2.0 || ^3.0",
        "moment": "^2.10",
        "moment-timezone": "^0.4.0"
      },
      "dependencies": {
        "bootstrap": {
          "version": "3.4.1",
          "resolved": "https://registry.npmjs.org/bootstrap/-/bootstrap-3.4.1.tgz",
          "integrity": "sha512-yN5oZVmRCwe5aKwzRj6736nSmKDX7pLYwsXiCj/EYmo16hODaBiT4En5btW/jhBF/seV+XMx3aYwukYC3A49DA=="
        }
      }
    },
    "errno": {
      "version": "0.1.7",
      "resolved": "https://registry.npmjs.org/errno/-/errno-0.1.7.tgz",
      "integrity": "sha512-MfrRBDWzIWifgq6tJj60gkAwtLNb6sQPlcFrSOflcP1aFmmruKQ2wRnze/8V6kgyz7H3FF8Npzv78mZ7XLLflg==",
      "requires": {
        "prr": "~1.0.1"
      }
    },
    "es6-denodeify": {
      "version": "0.1.5",
      "resolved": "https://registry.npmjs.org/es6-denodeify/-/es6-denodeify-0.1.5.tgz",
      "integrity": "sha1-MdTV/pxVA+ElRgQ5MQ4WoqPznB8="
    },
    "ev-emitter": {
      "version": "1.1.1",
      "resolved": "https://registry.npmjs.org/ev-emitter/-/ev-emitter-1.1.1.tgz",
      "integrity": "sha512-ipiDYhdQSCZ4hSbX4rMW+XzNKMD1prg/sTvoVmSLkuQ1MVlwjJQQA+sW8tMYR3BLUr9KjodFV4pvzunvRhd33Q=="
    },
    "event-target-shim": {
      "version": "5.0.1",
      "resolved": "https://registry.npmjs.org/event-target-shim/-/event-target-shim-5.0.1.tgz",
      "integrity": "sha512-i/2XbnSz/uxRCU6+NdVJgKWDTM427+MqYbkQzD321DuCQJUqOuJKIA0IM2+W2xtYHdKOmZ4dR6fExsd4SXL+WQ=="
    },
    "fetch-cookie": {
      "version": "0.7.3",
      "resolved": "https://registry.npmjs.org/fetch-cookie/-/fetch-cookie-0.7.3.tgz",
      "integrity": "sha512-rZPkLnI8x5V+zYAiz8QonAHsTb4BY+iFowFBI1RFn0zrO343AVp9X7/yUj/9wL6Ef/8fLls8b/vGtzUvmyAUGA==",
      "requires": {
        "es6-denodeify": "^0.1.1",
        "tough-cookie": "^2.3.3"
      }
    },
    "fine-uploader": {
      "version": "5.16.2",
      "resolved": "https://registry.npmjs.org/fine-uploader/-/fine-uploader-5.16.2.tgz",
      "integrity": "sha1-DYeNoc0nU/gGg6wJHfXa/5/7jEQ="
    },
    "global": {
      "version": "4.4.0",
      "resolved": "https://registry.npmjs.org/global/-/global-4.4.0.tgz",
      "integrity": "sha512-wv/LAoHdRE3BeTGz53FAamhGlPLhlssK45usmGFThIi4XqnBmjKQ16u+RNbP7WvigRZDxUsM0J3gcQ5yicaL0w==",
      "requires": {
        "min-document": "^2.19.0",
        "process": "^0.11.10"
      }
    },
    "ieee754": {
      "version": "1.1.13",
      "resolved": "https://registry.npmjs.org/ieee754/-/ieee754-1.1.13.tgz",
      "integrity": "sha512-4vf7I2LYV/HaWerSo3XmlMkp5eZ83i+/CDluXi/IGTs/O1sejBNhTtnxzmRZfvOUqj7lZjqHkeTvpgSFDlWZTg=="
    },
    "imagesloaded": {
      "version": "4.1.4",
      "resolved": "https://registry.npmjs.org/imagesloaded/-/imagesloaded-4.1.4.tgz",
      "integrity": "sha512-ltiBVcYpc/TYTF5nolkMNsnREHW+ICvfQ3Yla2Sgr71YFwQ86bDwV9hgpFhFtrGPuwEx5+LqOHIrdXBdoWwwsA==",
      "requires": {
        "ev-emitter": "^1.0.0"
      }
    },
    "immediate": {
      "version": "3.0.6",
      "resolved": "https://registry.npmjs.org/immediate/-/immediate-3.0.6.tgz",
      "integrity": "sha1-nbHb0Pr43m++D13V5Wu2BigN5ps="
    },
    "inherits": {
      "version": "2.0.4",
      "resolved": "https://registry.npmjs.org/inherits/-/inherits-2.0.4.tgz",
      "integrity": "sha512-k/vGaX4/Yla3WzyMCvTQOXYeIHvqOKtnqBduzTHpzpQZzAskKMhZ2K+EnBiSM9zGSoIFeMpXKxa4dYeZIQqewQ=="
    },
    "isarray": {
      "version": "0.0.1",
      "resolved": "https://registry.npmjs.org/isarray/-/isarray-0.0.1.tgz",
      "integrity": "sha1-ihis/Kmo9Bd+Cav8YDiTmwXR7t8="
    },
    "jquery": {
      "version": "3.4.1",
      "resolved": "https://registry.npmjs.org/jquery/-/jquery-3.4.1.tgz",
      "integrity": "sha512-36+AdBzCL+y6qjw5Tx7HgzeGCzC81MDDgaUP8ld2zhx58HdqXGoBd+tHdrBMiyjGQs0Hxs/MLZTu/eHNJJuWPw=="
    },
    "jquery-dragster": {
      "version": "git+https://github.com/catmanjan/jquery-dragster.git#9c236b1e43171b1b8a6eb1bae0c43ca9628d0f5f",
      "from": "git+https://github.com/catmanjan/jquery-dragster.git"
    },
    "jquery-migrate": {
      "version": "3.0.0",
      "resolved": "https://registry.npmjs.org/jquery-migrate/-/jquery-migrate-3.0.0.tgz",
      "integrity": "sha1-A/MgWW/hodsJzc+3SxRXGZSq17s="
    },
    "jquery-mousewheel": {
      "version": "3.1.13",
      "resolved": "https://registry.npmjs.org/jquery-mousewheel/-/jquery-mousewheel-3.1.13.tgz",
      "integrity": "sha1-BvAzXxbjU6aV5yBr9QUDy1I6buU="
    },
    "jquery-outside-events": {
      "version": "1.0.0",
      "resolved": "https://registry.npmjs.org/jquery-outside-events/-/jquery-outside-events-1.0.0.tgz",
      "integrity": "sha1-2kjQw9HfgN4vmsixEmYNZ9KKRks="
    },
    "jquery-ui": {
      "version": "1.12.1",
      "resolved": "https://registry.npmjs.org/jquery-ui/-/jquery-ui-1.12.1.tgz",
      "integrity": "sha1-vLQEXI3QU5wTS8FIjN0+dop6nlE="
    },
    "jquery-ui-dist": {
      "version": "1.12.1",
      "resolved": "https://registry.npmjs.org/jquery-ui-dist/-/jquery-ui-dist-1.12.1.tgz",
      "integrity": "sha1-XAgV08xvkP9fqvWyaKbiO0ypBPo="
    },
    "jstree": {
      "version": "3.3.9",
      "resolved": "https://registry.npmjs.org/jstree/-/jstree-3.3.9.tgz",
      "integrity": "sha512-jRIbhg+BHrIs1Wm6oiJt3oKTVBE6sWS0PCp2/RlkIUqsLUPWUYgV3q8LfKoi1/E+YMzGtP6BuK4okk+0mwfmhQ==",
      "requires": {
        "jquery": ">=1.9.1"
      }
    },
    "level": {
      "version": "6.0.0",
      "resolved": "https://registry.npmjs.org/level/-/level-6.0.0.tgz",
      "integrity": "sha512-3oAi7gXLLNr7pHj8c4vbI6lHkXf35m8qb7zWMrNTrOax6CXBVggQAwL1xnC/1CszyYrW3BsLXsY5TMgTxtKfFA==",
      "requires": {
        "level-js": "^5.0.0",
        "level-packager": "^5.1.0",
        "leveldown": "^5.4.0",
        "opencollective-postinstall": "^2.0.0"
      }
    },
    "level-codec": {
      "version": "9.0.1",
      "resolved": "https://registry.npmjs.org/level-codec/-/level-codec-9.0.1.tgz",
      "integrity": "sha512-ajFP0kJ+nyq4i6kptSM+mAvJKLOg1X5FiFPtLG9M5gCEZyBmgDi3FkDrvlMkEzrUn1cWxtvVmrvoS4ASyO/q+Q=="
    },
    "level-concat-iterator": {
      "version": "2.0.1",
      "resolved": "https://registry.npmjs.org/level-concat-iterator/-/level-concat-iterator-2.0.1.tgz",
      "integrity": "sha512-OTKKOqeav2QWcERMJR7IS9CUo1sHnke2C0gkSmcR7QuEtFNLLzHQAvnMw8ykvEcv0Qtkg0p7FOwP1v9e5Smdcw=="
    },
    "level-errors": {
      "version": "2.0.1",
      "resolved": "https://registry.npmjs.org/level-errors/-/level-errors-2.0.1.tgz",
      "integrity": "sha512-UVprBJXite4gPS+3VznfgDSU8PTRuVX0NXwoWW50KLxd2yw4Y1t2JUR5In1itQnudZqRMT9DlAM3Q//9NCjCFw==",
      "requires": {
        "errno": "~0.1.1"
      }
    },
    "level-iterator-stream": {
      "version": "4.0.2",
      "resolved": "https://registry.npmjs.org/level-iterator-stream/-/level-iterator-stream-4.0.2.tgz",
      "integrity": "sha512-ZSthfEqzGSOMWoUGhTXdX9jv26d32XJuHz/5YnuHZzH6wldfWMOVwI9TBtKcya4BKTyTt3XVA0A3cF3q5CY30Q==",
      "requires": {
        "inherits": "^2.0.4",
        "readable-stream": "^3.4.0",
        "xtend": "^4.0.2"
      },
      "dependencies": {
        "readable-stream": {
          "version": "3.6.0",
          "resolved": "https://registry.npmjs.org/readable-stream/-/readable-stream-3.6.0.tgz",
          "integrity": "sha512-BViHy7LKeTz4oNnkcLJ+lVSL6vpiFeX6/d3oSH8zCW7UxP2onchk+vTGB143xuFjHS3deTgkKoXXymXqymiIdA==",
          "requires": {
            "inherits": "^2.0.3",
            "string_decoder": "^1.1.1",
            "util-deprecate": "^1.0.1"
          }
        },
        "xtend": {
          "version": "4.0.2",
          "resolved": "https://registry.npmjs.org/xtend/-/xtend-4.0.2.tgz",
          "integrity": "sha512-LKYU1iAXJXUgAXn9URjiu+MWhyUXHsvfp7mcuYm9dSUKK0/CjtrUwFAxD82/mCWbtLsGjFIad0wIsod4zrTAEQ=="
        }
      }
    },
    "level-js": {
      "version": "5.0.2",
      "resolved": "https://registry.npmjs.org/level-js/-/level-js-5.0.2.tgz",
      "integrity": "sha512-SnBIDo2pdO5VXh02ZmtAyPP6/+6YTJg2ibLtl9C34pWvmtMEmRTWpra+qO/hifkUtBTOtfx6S9vLDjBsBK4gRg==",
      "requires": {
        "abstract-leveldown": "~6.2.3",
        "buffer": "^5.5.0",
        "inherits": "^2.0.3",
        "ltgt": "^2.1.2"
      }
    },
    "level-packager": {
      "version": "5.1.1",
      "resolved": "https://registry.npmjs.org/level-packager/-/level-packager-5.1.1.tgz",
      "integrity": "sha512-HMwMaQPlTC1IlcwT3+swhqf/NUO+ZhXVz6TY1zZIIZlIR0YSn8GtAAWmIvKjNY16ZkEg/JcpAuQskxsXqC0yOQ==",
      "requires": {
        "encoding-down": "^6.3.0",
        "levelup": "^4.3.2"
      },
      "dependencies": {
        "levelup": {
          "version": "4.4.0",
          "resolved": "https://registry.npmjs.org/levelup/-/levelup-4.4.0.tgz",
          "integrity": "sha512-94++VFO3qN95cM/d6eBXvd894oJE0w3cInq9USsyQzzoJxmiYzPAocNcuGCPGGjoXqDVJcr3C1jzt1TSjyaiLQ==",
          "requires": {
            "deferred-leveldown": "~5.3.0",
            "level-errors": "~2.0.0",
            "level-iterator-stream": "~4.0.0",
            "level-supports": "~1.0.0",
            "xtend": "~4.0.0"
          }
        },
        "xtend": {
          "version": "4.0.2",
          "resolved": "https://registry.npmjs.org/xtend/-/xtend-4.0.2.tgz",
          "integrity": "sha512-LKYU1iAXJXUgAXn9URjiu+MWhyUXHsvfp7mcuYm9dSUKK0/CjtrUwFAxD82/mCWbtLsGjFIad0wIsod4zrTAEQ=="
        }
      }
    },
    "level-supports": {
      "version": "1.0.1",
      "resolved": "https://registry.npmjs.org/level-supports/-/level-supports-1.0.1.tgz",
      "integrity": "sha512-rXM7GYnW8gsl1vedTJIbzOrRv85c/2uCMpiiCzO2fndd06U/kUXEEU9evYn4zFggBOg36IsBW8LzqIpETwwQzg==",
      "requires": {
        "xtend": "^4.0.2"
      },
      "dependencies": {
        "xtend": {
          "version": "4.0.2",
          "resolved": "https://registry.npmjs.org/xtend/-/xtend-4.0.2.tgz",
          "integrity": "sha512-LKYU1iAXJXUgAXn9URjiu+MWhyUXHsvfp7mcuYm9dSUKK0/CjtrUwFAxD82/mCWbtLsGjFIad0wIsod4zrTAEQ=="
        }
      }
    },
    "level-write-stream": {
      "version": "1.0.0",
      "resolved": "https://registry.npmjs.org/level-write-stream/-/level-write-stream-1.0.0.tgz",
      "integrity": "sha1-P3+7Z5pVE3wP6zA97nZuEu4Twdw=",
      "requires": {
        "end-stream": "~0.1.0"
      }
    },
    "leveldown": {
      "version": "5.4.1",
      "resolved": "https://registry.npmjs.org/leveldown/-/leveldown-5.4.1.tgz",
      "integrity": "sha512-3lMPc7eU3yj5g+qF1qlALInzIYnkySIosR1AsUKFjL9D8fYbTLuENBAeDRZXIG4qeWOAyqRItOoLu2v2avWiMA==",
      "requires": {
        "abstract-leveldown": "~6.2.1",
        "napi-macros": "~2.0.0",
        "node-gyp-build": "~4.1.0"
      }
    },
    "levelup": {
      "version": "4.1.0",
      "resolved": "https://registry.npmjs.org/levelup/-/levelup-4.1.0.tgz",
      "integrity": "sha512-+Qhe2/jb5affN7BeFgWUUWVdYoGXO2nFS3QLEZKZynnQyP9xqA+7wgOz3fD8SST2UKpHQuZgjyJjTcB2nMl2dQ==",
      "requires": {
        "deferred-leveldown": "~5.1.0",
        "level-errors": "~2.0.0",
        "level-iterator-stream": "~4.0.0",
        "xtend": "~4.0.0"
      },
      "dependencies": {
        "abstract-leveldown": {
          "version": "6.0.3",
          "resolved": "https://registry.npmjs.org/abstract-leveldown/-/abstract-leveldown-6.0.3.tgz",
          "integrity": "sha512-jzewKKpZbaYUa6HTThnrl+GrJhzjEAeuc7hTVpZdzg7kupXZFoqQDFwyOwLNbmJKJlmzw8yiipMPkDiuKkT06Q==",
          "requires": {
            "level-concat-iterator": "~2.0.0",
            "xtend": "~4.0.0"
          }
        },
        "deferred-leveldown": {
          "version": "5.1.0",
          "resolved": "https://registry.npmjs.org/deferred-leveldown/-/deferred-leveldown-5.1.0.tgz",
          "integrity": "sha512-PvDY+BT2ONu2XVRgxHb77hYelLtMYxKSGuWuJJdVRXh9ntqx9GYTFJno/SKAz5xcd+yjQwyQeIZrUPjPvA52mg==",
          "requires": {
            "abstract-leveldown": "~6.0.0",
            "inherits": "^2.0.3"
          }
        },
        "xtend": {
          "version": "4.0.2",
          "resolved": "https://registry.npmjs.org/xtend/-/xtend-4.0.2.tgz",
          "integrity": "sha512-LKYU1iAXJXUgAXn9URjiu+MWhyUXHsvfp7mcuYm9dSUKK0/CjtrUwFAxD82/mCWbtLsGjFIad0wIsod4zrTAEQ=="
        }
      }
    },
    "ltgt": {
      "version": "2.2.1",
      "resolved": "https://registry.npmjs.org/ltgt/-/ltgt-2.2.1.tgz",
      "integrity": "sha1-81ypHEk/e3PaDgdJUwTxezH4fuU="
    },
    "maphilight": {
      "version": "1.4.0",
      "resolved": "https://registry.npmjs.org/maphilight/-/maphilight-1.4.0.tgz",
      "integrity": "sha512-7iYXdlT9x0dAqkdEq2IPHGrHF9YBTbjNZB8SQUWqZAqVxZUdMqYHTbowCPMOVIDnC78afFIwIHFG7ZQoD0faqQ==",
      "requires": {
        "jquery": "^3.0.0"
      }
    },
    "mediaelement": {
      "version": "4.2.16",
      "resolved": "https://registry.npmjs.org/mediaelement/-/mediaelement-4.2.16.tgz",
      "integrity": "sha512-5GinxsRpVA36w6tAD6nTqVSiZ0LzIhqUrzD8wzOAtZPPM7NOwOBtz6Oa85VemS+3Jvoo38jM1RvNqwKYJBBxtQ==",
      "requires": {
        "global": "^4.3.1"
      }
    },
    "min-document": {
      "version": "2.19.0",
      "resolved": "https://registry.npmjs.org/min-document/-/min-document-2.19.0.tgz",
      "integrity": "sha1-e9KC4/WELtKVu3SM3Z8f+iyCRoU=",
      "requires": {
        "dom-walk": "^0.1.0"
      }
    },
    "moment": {
      "version": "2.24.0",
      "resolved": "https://registry.npmjs.org/moment/-/moment-2.24.0.tgz",
      "integrity": "sha512-bV7f+6l2QigeBBZSM/6yTNq4P2fNpSWj/0e7jQcy87A8e7o2nAfP/34/2ky5Vw4B9S446EtIhodAzkFCcR4dQg=="
    },
    "moment-timezone": {
      "version": "0.4.1",
      "resolved": "https://registry.npmjs.org/moment-timezone/-/moment-timezone-0.4.1.tgz",
      "integrity": "sha1-gfWYw61eIs2teWtn7NjYjQ9bqgY=",
      "requires": {
        "moment": ">= 2.6.0"
      }
    },
    "napi-macros": {
      "version": "2.0.0",
      "resolved": "https://registry.npmjs.org/napi-macros/-/napi-macros-2.0.0.tgz",
      "integrity": "sha512-A0xLykHtARfueITVDernsAWdtIMbOJgKgcluwENp3AlsKN/PloyO10HtmoqnFAQAcxPkgZN7wdfPfEd0zNGxbg=="
    },
    "nestable2": {
      "version": "1.6.0",
      "resolved": "https://registry.npmjs.org/nestable2/-/nestable2-1.6.0.tgz",
      "integrity": "sha512-/jBy2FhAqik/yV1fYDqbP3OvGLb/wpjweg91UTzIREI+69hbqkKjJ9L+/FSBejYM0WMhvd2Q2p0+8XXetv0egA==",
      "requires": {
        "jquery": ">=1.7.2"
      }
    },
    "node-fetch": {
      "version": "2.4.1",
      "resolved": "https://registry.npmjs.org/node-fetch/-/node-fetch-2.4.1.tgz",
      "integrity": "sha512-P9UbpFK87NyqBZzUuDBDz4f6Yiys8xm8j7ACDbi6usvFm6KItklQUKjeoqTrYS/S1k6I8oaOC2YLLDr/gg26Mw=="
    },
    "node-gyp-build": {
      "version": "4.1.1",
      "resolved": "https://registry.npmjs.org/node-gyp-build/-/node-gyp-build-4.1.1.tgz",
      "integrity": "sha512-dSq1xmcPDKPZ2EED2S6zw/b9NKsqzXRE6dVr8TVQnI3FJOTteUMuqF3Qqs6LZg+mLGYJWqQzMbIjMtJqTv87nQ=="
    },
    "ol": {
      "version": "6.3.1",
      "resolved": "https://registry.npmjs.org/ol/-/ol-6.3.1.tgz",
      "integrity": "sha512-cSSYizzUJQ7AhFSrLPAKopjDXPCHtJsXSmjf3xutPG+iyBeD9IOepQGSgpOSZavPI1gsYh9wowiH+NZwVJ/NYQ==",
      "requires": {
        "elm-pep": "^1.0.4",
        "pbf": "3.2.1",
        "pixelworks": "1.1.0",
        "rbush": "^3.0.1"
      }
    },
    "opencollective-postinstall": {
      "version": "2.0.2",
      "resolved": "https://registry.npmjs.org/opencollective-postinstall/-/opencollective-postinstall-2.0.2.tgz",
      "integrity": "sha512-pVOEP16TrAO2/fjej1IdOyupJY8KDUM1CvsaScRbw6oddvpQoOfGk4ywha0HKKVAD6RkW4x6Q+tNBwhf3Bgpuw=="
    },
    "owl.carousel": {
      "version": "git+https://github.com/OwlCarousel2/OwlCarousel2.git#4eedccac4ea061931162a86e3f268332c16a1ad0",
      "from": "git+https://github.com/OwlCarousel2/OwlCarousel2.git",
      "requires": {
        "jquery": ">=1.8.3"
      }
    },
    "pbf": {
      "version": "3.2.1",
      "resolved": "https://registry.npmjs.org/pbf/-/pbf-3.2.1.tgz",
      "integrity": "sha512-ClrV7pNOn7rtmoQVF4TS1vyU0WhYRnP92fzbfF75jAIwpnzdJXf8iTd4CMEqO4yUenH6NDqLiwjqlh6QgZzgLQ==",
      "requires": {
        "ieee754": "^1.1.12",
        "resolve-protobuf-schema": "^2.1.0"
      }
    },
    "pixelworks": {
      "version": "1.1.0",
      "resolved": "https://registry.npmjs.org/pixelworks/-/pixelworks-1.1.0.tgz",
      "integrity": "sha1-Hwla1I3Ki/ihyCWOAJIDGkTyLKU="
    },
    "pouchdb": {
      "version": "7.2.1",
      "resolved": "https://registry.npmjs.org/pouchdb/-/pouchdb-7.2.1.tgz",
      "integrity": "sha512-AoDPdr6tFqj3xs7oiD2oioYj5MMu87c3UemRHZ/p++BwU+ZsKn5jpnL09OvWTLvMvaICGAOufiaUzmM1/KKoKQ==",
      "requires": {
        "abort-controller": "3.0.0",
        "argsarray": "0.0.1",
        "buffer-from": "1.1.0",
        "clone-buffer": "1.0.0",
        "double-ended-queue": "2.1.0-0",
        "fetch-cookie": "0.7.3",
        "immediate": "3.0.6",
        "inherits": "2.0.4",
        "level": "6.0.0",
        "level-codec": "9.0.1",
        "level-write-stream": "1.0.0",
        "leveldown": "5.4.1",
        "levelup": "4.1.0",
        "ltgt": "2.2.1",
        "node-fetch": "2.4.1",
        "readable-stream": "1.0.33",
        "spark-md5": "3.0.0",
        "through2": "3.0.1",
        "uuid": "3.3.3",
        "vuvuzela": "1.0.3"
      }
    },
    "process": {
      "version": "0.11.10",
      "resolved": "https://registry.npmjs.org/process/-/process-0.11.10.tgz",
      "integrity": "sha1-czIwDoQBYb2j5podHZGn1LwW8YI="
    },
    "protocol-buffers-schema": {
      "version": "3.4.0",
      "resolved": "https://registry.npmjs.org/protocol-buffers-schema/-/protocol-buffers-schema-3.4.0.tgz",
      "integrity": "sha512-G/2kcamPF2S49W5yaMGdIpkG6+5wZF0fzBteLKgEHjbNzqjZQ85aAs1iJGto31EJaSTkNvHs5IXuHSaTLWBAiA=="
    },
    "prr": {
      "version": "1.0.1",
      "resolved": "https://registry.npmjs.org/prr/-/prr-1.0.1.tgz",
      "integrity": "sha1-0/wRS6BplaRexok/SEzrHXj19HY="
    },
    "psl": {
      "version": "1.8.0",
      "resolved": "https://registry.npmjs.org/psl/-/psl-1.8.0.tgz",
      "integrity": "sha512-RIdOzyoavK+hA18OGGWDqUTsCLhtA7IcZ/6NCs4fFJaHBDab+pDDmDIByWFRQJq2Cd7r1OoQxBGKOaztq+hjIQ=="
    },
    "punycode": {
      "version": "2.1.1",
      "resolved": "https://registry.npmjs.org/punycode/-/punycode-2.1.1.tgz",
      "integrity": "sha512-XRsRjdf+j5ml+y/6GKHPZbrF/8p2Yga0JPtdqTIY2Xe5ohJPD9saDJJLPvp9+NSBprVvevdXZybnj2cv8OEd0A=="
    },
    "qtip2": {
      "version": "3.0.3",
      "resolved": "https://registry.npmjs.org/qtip2/-/qtip2-3.0.3.tgz",
      "integrity": "sha1-ffCIrkQSwkpAZN5p6CTLPPdiENw=",
      "requires": {
        "imagesloaded": ">=3.0.0",
        "jquery": ">=1.6.0"
      }
    },
    "quickselect": {
      "version": "2.0.0",
      "resolved": "https://registry.npmjs.org/quickselect/-/quickselect-2.0.0.tgz",
      "integrity": "sha512-RKJ22hX8mHe3Y6wH/N3wCM6BWtjaxIyyUIkpHOvfFnxdI4yD4tBXEBKSbriGujF6jnSVkJrffuo6vxACiSSxIw=="
    },
    "rbush": {
      "version": "3.0.1",
      "resolved": "https://registry.npmjs.org/rbush/-/rbush-3.0.1.tgz",
      "integrity": "sha512-XRaVO0YecOpEuIvbhbpTrZgoiI6xBlz6hnlr6EHhd+0x9ase6EmeN+hdwwUaJvLcsFFQ8iWVF1GAK1yB0BWi0w==",
      "requires": {
        "quickselect": "^2.0.0"
      }
    },
    "readable-stream": {
      "version": "1.0.33",
      "resolved": "https://registry.npmjs.org/readable-stream/-/readable-stream-1.0.33.tgz",
      "integrity": "sha1-OjYN1mwbHX/UcFOJhg7aHQ9hEmw=",
      "requires": {
        "core-util-is": "~1.0.0",
        "inherits": "~2.0.1",
        "isarray": "0.0.1",
        "string_decoder": "~0.10.x"
      },
      "dependencies": {
        "string_decoder": {
          "version": "0.10.31",
          "resolved": "https://registry.npmjs.org/string_decoder/-/string_decoder-0.10.31.tgz",
          "integrity": "sha1-YuIDvEF2bGwoyfyEMB2rHFMQ+pQ="
        }
      }
    },
    "resolve-protobuf-schema": {
      "version": "2.1.0",
      "resolved": "https://registry.npmjs.org/resolve-protobuf-schema/-/resolve-protobuf-schema-2.1.0.tgz",
      "integrity": "sha512-kI5ffTiZWmJaS/huM8wZfEMer1eRd7oJQhDuxeCLe3t7N7mX3z94CN0xPxBQxFYQTSNz9T0i+v6inKqSdK8xrQ==",
      "requires": {
        "protocol-buffers-schema": "^3.3.1"
      }
    },
    "safe-buffer": {
      "version": "5.2.0",
      "resolved": "https://registry.npmjs.org/safe-buffer/-/safe-buffer-5.2.0.tgz",
      "integrity": "sha512-fZEwUGbVl7kouZs1jCdMLdt95hdIv0ZeHg6L7qPeciMZhZ+/gdesW4wgTARkrFWEpspjEATAzUGPG8N2jJiwbg=="
    },
    "spark-md5": {
      "version": "3.0.0",
      "resolved": "https://registry.npmjs.org/spark-md5/-/spark-md5-3.0.0.tgz",
      "integrity": "sha1-NyIifFTi+vJLHcbZM8wUTm9xv+8="
    },
    "string_decoder": {
      "version": "1.3.0",
      "resolved": "https://registry.npmjs.org/string_decoder/-/string_decoder-1.3.0.tgz",
      "integrity": "sha512-hkRX8U1WjJFd8LsDJ2yQ/wWWxaopEsABU1XfkM8A+j0+85JAGppt16cr1Whg6KIbb4okU6Mql6BOj+uup/wKeA==",
      "requires": {
        "safe-buffer": "~5.2.0"
      }
    },
    "through2": {
      "version": "3.0.1",
      "resolved": "https://registry.npmjs.org/through2/-/through2-3.0.1.tgz",
      "integrity": "sha512-M96dvTalPT3YbYLaKaCuwu+j06D/8Jfib0o/PxbVt6Amhv3dUAtW6rTV1jPgJSBG83I/e04Y6xkVdVhSRhi0ww==",
      "requires": {
        "readable-stream": "2 || 3"
      },
      "dependencies": {
        "readable-stream": {
          "version": "3.6.0",
          "resolved": "https://registry.npmjs.org/readable-stream/-/readable-stream-3.6.0.tgz",
          "integrity": "sha512-BViHy7LKeTz4oNnkcLJ+lVSL6vpiFeX6/d3oSH8zCW7UxP2onchk+vTGB143xuFjHS3deTgkKoXXymXqymiIdA==",
          "requires": {
            "inherits": "^2.0.3",
            "string_decoder": "^1.1.1",
            "util-deprecate": "^1.0.1"
          }
        }
      }
    },
    "tinymce": {
      "version": "4.6.7",
      "resolved": "https://registry.npmjs.org/tinymce/-/tinymce-4.6.7.tgz",
      "integrity": "sha1-7y6CgomJBz0Yek40kcdOtqjNkvM="
    },
    "tough-cookie": {
      "version": "2.5.0",
      "resolved": "https://registry.npmjs.org/tough-cookie/-/tough-cookie-2.5.0.tgz",
      "integrity": "sha512-nlLsUzgm1kfLXSXfRZMc1KLAugd4hqJHDTvc2hDIwS3mZAfMEuMbc03SujMF+GEcpaX/qboeycw6iO8JwVv2+g==",
      "requires": {
        "psl": "^1.1.28",
        "punycode": "^2.1.1"
      }
    },
    "typeahead": {
      "version": "0.2.2",
      "resolved": "https://registry.npmjs.org/typeahead/-/typeahead-0.2.2.tgz",
      "integrity": "sha1-FADg8oLOZ9M5j8NKYu1eGCTFkps=",
      "requires": {
        "dom": "0.0.2",
        "xtend": "1.0.3"
      }
    },
    "util-deprecate": {
      "version": "1.0.2",
      "resolved": "https://registry.npmjs.org/util-deprecate/-/util-deprecate-1.0.2.tgz",
      "integrity": "sha1-RQ1Nyfpw3nMnYvvS1KKJgUGaDM8="
    },
    "uuid": {
      "version": "3.3.3",
      "resolved": "https://registry.npmjs.org/uuid/-/uuid-3.3.3.tgz",
      "integrity": "sha512-pW0No1RGHgzlpHJO1nsVrHKpOEIxkGg1xB+v0ZmdNH5OAeAwzAVrCnI2/6Mtx+Uys6iaylxa+D3g4j63IKKjSQ=="
    },
    "vuvuzela": {
      "version": "1.0.3",
      "resolved": "https://registry.npmjs.org/vuvuzela/-/vuvuzela-1.0.3.tgz",
      "integrity": "sha1-O+FF5YJxxzylUnndhR8SpoIRSws="
    },
    "webui-popover": {
      "version": "1.2.18",
      "resolved": "https://registry.npmjs.org/webui-popover/-/webui-popover-1.2.18.tgz",
      "integrity": "sha1-haLxD9tzh0F35cQun6SRjBVWd3E="
    },
    "write-stream": {
      "version": "0.4.3",
      "resolved": "https://registry.npmjs.org/write-stream/-/write-stream-0.4.3.tgz",
      "integrity": "sha1-g8yMA0fQr2BXqThitOOuAd5cgcE=",
      "requires": {
        "readable-stream": "~0.0.2"
      },
      "dependencies": {
        "readable-stream": {
          "version": "0.0.4",
          "resolved": "https://registry.npmjs.org/readable-stream/-/readable-stream-0.0.4.tgz",
          "integrity": "sha1-8y124/uGM0SlSNeZIwBxc2ZbO40="
        }
      }
    },
    "xtend": {
      "version": "1.0.3",
      "resolved": "https://registry.npmjs.org/xtend/-/xtend-1.0.3.tgz",
      "integrity": "sha1-P12Tc1PM7Y4IU5mlY/2yJUHClgo="
    }
  }
}
