# THIS IS AN AUTOGENERATED FILE. DO NOT EDIT THIS FILE DIRECTLY.
# yarn lockfile v1


popper.js@^1.14.7:
  version "1.15.0"
  resolved "https://registry.yarnpkg.com/popper.js/-/popper.js-1.15.0.tgz#5560b99bbad7647e9faa475c6b8056621f5a4ff2"
  integrity sha512-w010cY1oCUmI+9KwwlWki+r5jxKfTFDVoadl7MSrIujHU5MJ5OR6HTDj6Xo8aoR/QsA56x8jKjA59qGH4ELtrA==

tippy.js@^4.2.1:
  version "4.2.1"
  resolved "https://registry.yarnpkg.com/tippy.js/-/tippy.js-4.2.1.tgz#9e4939d976465f77229b05a3cb233b5dc28cf850"
  integrity sha512-xEE7zYNgQxCDdPcuT6T04f0frPh0wO7CcIqJKMFazU/NqusyjCgYSkLRosIHoiRkZMRzSPOudC8wRN5GjvAyOQ==
  dependencies:
    popper.js "^1.14.7"
